{
  "name": "bmultisig",
  "version": "1.1.0-beta",
  "lockfileVersion": 1,
  "requires": true,
  "dependencies": {
    "bcfg": {
      "version": "0.1.4",
      "resolved": "https://registry.npmjs.org/bcfg/-/bcfg-0.1.4.tgz",
      "integrity": "sha512-tgweKJnFlFqg/QA3l+9i4cSJTHPcABrBriRZkUd+MM9mUCv8tBqAZFoykR0Cn3Fi9ygJ/pyWfmjDkRVZQwvPkQ==",
      "requires": {
        "bsert": "~0.0.5"
      }
    },
    "bclient": {
      "version": "0.1.6",
      "resolved": "https://registry.npmjs.org/bclient/-/bclient-0.1.6.tgz",
      "integrity": "sha512-rn8vriv1krI0rr3oOK6Xh6eeHjUEewXq44EPvP6GAhzBJ3/k6UvCXPZDmSkn+UzOLaHqkZSirxBXoOHlnyF/Bg==",
      "requires": {
        "bcfg": "~0.1.5",
        "bcurl": "~0.1.5",
        "bsert": "~0.0.8"
      },
      "dependencies": {
        "bcfg": {
          "version": "0.1.5",
          "resolved": "https://registry.npmjs.org/bcfg/-/bcfg-0.1.5.tgz",
          "integrity": "sha512-a3dJQnXbBAl9wrhcki+H21mTtMKUJfdTuOcnGhDGSUQqpiBD5+uYfEvBz3vDFvBsuRguxV6Jp8kZQGwrMLQHPQ==",
          "requires": {
            "bsert": "~0.0.8"
          }
        }
      }
    },
    "bcoin": {
      "version": "github:bcoin-org/bcoin#bd7a0949b65035c65d0effaec5f25324a178cea6",
      "from": "github:bcoin-org/bcoin",
      "requires": {
        "bcfg": "~0.1.5",
        "bclient": "~0.1.6",
        "bcrypto": "~3.0.2",
        "bdb": "~1.1.5",
        "bdns": "~0.1.4",
        "bevent": "~0.1.4",
        "bfile": "~0.1.4",
        "bfilter": "~1.0.4",
        "bheep": "~0.1.4",
        "binet": "~0.3.4",
        "blgr": "~0.1.5",
        "blru": "~0.1.5",
        "blst": "~0.1.4",
        "bmutex": "~0.1.5",
        "bsert": "~0.0.8",
        "bsip": "~0.1.5",
        "bsock": "~0.1.5",
        "bsocks": "~0.2.4",
        "bstring": "~0.3.5",
        "btcp": "~0.1.4",
        "buffer-map": "~0.0.5",
        "bufio": "~1.0.4",
        "bupnp": "~0.2.5",
        "bval": "~0.1.5",
        "bweb": "~0.1.7",
        "mrmr": "~0.1.5",
        "n64": "~0.2.6"
      },
      "dependencies": {
        "bsert": {
          "version": "0.0.7",
          "resolved": "https://registry.npmjs.org/bsert/-/bsert-0.0.7.tgz",
          "integrity": "sha512-m/DKdJbnoviiE6f+I2/Kl0ESQoVSfYv1xYczVItrPyzRrMS0VXebRzzcAJ0ZusyBJbofND8X9RGHzvQoMpnf+g=="
        }
      }
    },
    "bcrypto": {
      "version": "3.0.2",
      "resolved": "https://registry.npmjs.org/bcrypto/-/bcrypto-3.0.2.tgz",
      "integrity": "sha512-JGPVqeO+uvlo+5QTEO78jL4/5UVvBcqc8UPd7ctLMQTb2FR85aocdDDKk0vtyLpXY2/orRrD51h3/Q0GwuyZAg==",
      "requires": {
        "bindings": "~1.3.1",
        "bsert": "~0.0.8",
        "bufio": "~1.0.4",
        "nan": "~2.12.1"
      },
      "dependencies": {
        "nan": {
          "version": "2.12.1",
          "resolved": "https://registry.npmjs.org/nan/-/nan-2.12.1.tgz",
          "integrity": "sha512-JY7V6lRkStKcKTvHO5NVSQRv+RV+FIL5pvDoLiAtSL9pKlC5x9PKQcZDsq7m4FO4d57mkhC6Z+QhAh3Jdk5JFw=="
        }
      }
    },
    "bcurl": {
      "version": "0.1.5",
      "resolved": "https://registry.npmjs.org/bcurl/-/bcurl-0.1.5.tgz",
      "integrity": "sha512-X4B/fQoIAvSLn+tudTERyC+jSIGRztZ+DO9hS94Phy1OYsQqd2kWsxxX4AW1N09jJiCPzl0aCoLFoIrZP4Ofwg==",
      "requires": {
        "brq": "~0.1.6",
        "bsert": "~0.0.8",
        "bsock": "~0.1.5"
      },
      "dependencies": {
        "brq": {
          "version": "0.1.6",
          "resolved": "https://registry.npmjs.org/brq/-/brq-0.1.6.tgz",
          "integrity": "sha512-hMYRlyg6UTuWQq12bXVvwYWNIkv5WC6iDiT4a83EW3JHMCKaVe3/wwrmguhGtpLagh0ah5YxM3QtasHvcWX5GQ==",
          "requires": {
            "bsert": "~0.0.8"
          }
        },
        "bsock": {
          "version": "0.1.5",
          "resolved": "https://registry.npmjs.org/bsock/-/bsock-0.1.5.tgz",
          "integrity": "sha512-Q41VI1jX3hVbv8NBz+/HCvJXEN2/WVeXUJzooLE69LmVdsdwbN77v0pd5Efvz5+JNASV8iESfxitvdx/uknfNQ==",
          "requires": {
            "bsert": "~0.0.8"
          }
        }
      }
    },
    "bdb": {
      "version": "1.1.5",
      "resolved": "https://registry.npmjs.org/bdb/-/bdb-1.1.5.tgz",
      "integrity": "sha512-qzLKUVH2Ywy+uOU0idsebbq06a0IH21IrOrS5JVoeI9JjGeSBVjerPcg0pSoMQpLtg8whG7u85aGSs0OCRGhVA==",
      "requires": {
        "bindings": "~1.3.1",
        "bsert": "~0.0.8"
      }
    },
    "bdns": {
      "version": "0.1.3",
      "resolved": "https://registry.npmjs.org/bdns/-/bdns-0.1.3.tgz",
      "integrity": "sha512-d071TLX00NZCqhKNspsKU8N8ApqqVizSEdEB7bCE5tUQgFS1UMHjnN0C8HDd5kRYwIX3jAIsN+oNgREvZCGOcA==",
      "requires": {
        "bsert": "~0.0.5"
      }
    },
    "bevent": {
      "version": "0.1.4",
      "resolved": "https://registry.npmjs.org/bevent/-/bevent-0.1.4.tgz",
      "integrity": "sha512-KXzbcGe2/jtP+/nAC/QkybrcP6iBtWiIxm0kEOBOQXk2irXcNjRgZuu8NxpTU5LYdYsbhY4Omsij/xE+YLLUtA==",
      "requires": {
        "bsert": "~0.0.8"
      }
    },
    "bfile": {
      "version": "0.1.3",
      "resolved": "https://registry.npmjs.org/bfile/-/bfile-0.1.3.tgz",
      "integrity": "sha512-7OScx3u416zFsloaN2CyVXRwVAOJdFBpNrpvGlUbkVD2gEzpj+d7/38MInEXnFtcmErDiY1DFR2URBT4J/7kRg=="
    },
    "bfilter": {
      "version": "1.0.3",
      "resolved": "https://registry.npmjs.org/bfilter/-/bfilter-1.0.3.tgz",
      "integrity": "sha512-ZLTgwK+licMF/dY+H3gnvT0tcYDZKTVwiKVdmXIS3W0wXHVZptg18Cc/zvlFyo4QiCHjVpxAZb5Yb376M/w90Q==",
      "requires": {
        "bsert": "~0.0.5",
        "bufio": "~1.0.3",
        "mrmr": "~0.1.4"
      }
    },
    "bheep": {
      "version": "0.1.3",
      "resolved": "https://registry.npmjs.org/bheep/-/bheep-0.1.3.tgz",
      "integrity": "sha512-Epqqqokl8M0o2qPx/3Z4OPxzGVFmp3JTQubzoUfWD7uucx5x3opRvcPA/UltLrSL9/b2LA+KIg1s/zyPlpGyrQ==",
      "requires": {
        "bsert": "~0.0.5"
      }
    },
    "bindings": {
      "version": "1.3.1",
      "resolved": "https://registry.npmjs.org/bindings/-/bindings-1.3.1.tgz",
      "integrity": "sha512-i47mqjF9UbjxJhxGf+pZ6kSxrnI3wBLlnGI2ArWJ4r0VrvDS7ZYXkprq/pLaBWYq4GM0r4zdHY+NNRqEMU7uew=="
    },
    "binet": {
      "version": "0.3.3",
      "resolved": "https://registry.npmjs.org/binet/-/binet-0.3.3.tgz",
      "integrity": "sha512-EQX5k4WfYDkDhiKyK11Z90jkTLC9yAw4luSpr7+zfT0VW+/fy4Zizf3FoRyAtI7CWV803NybAcfDZz94wAtziA==",
      "requires": {
        "bs32": "~0.1.3",
        "bsert": "~0.0.5"
      }
    },
    "blgr": {
      "version": "0.1.5",
      "resolved": "https://registry.npmjs.org/blgr/-/blgr-0.1.5.tgz",
      "integrity": "sha512-CIbMTg52rHR1WqLbDLc+9coNAYyEuJx7ezUtoGM9uzFWK5XxOuNimSSFoiYSfcCAc09qfchtkfOv41oNGIoDlQ==",
      "requires": {
        "bsert": "~0.0.8"
      }
    },
    "blru": {
      "version": "0.1.4",
      "resolved": "https://registry.npmjs.org/blru/-/blru-0.1.4.tgz",
      "integrity": "sha512-qq82TVa2GDcjv/BswxH7hpDZEr2Cu8XLVoHmLt7jZMAHKZ3jzTtyQCsuUOZXILpOwduqB8AC6R79bvclNWwRKw==",
      "requires": {
        "bsert": "~0.0.5"
      }
    },
    "blst": {
      "version": "0.1.3",
      "resolved": "https://registry.npmjs.org/blst/-/blst-0.1.3.tgz",
      "integrity": "sha512-bDZC68tjfflVuC7OGy+vlF6VtlW1Jtk8isH2116LoCLE9MCgTu2N2yTaT5CFuUF3yB1s0gGiWVR3uJpF+27HFw==",
      "requires": {
        "bsert": "~0.0.5"
      }
    },
    "bmocha": {
      "version": "1.0.1",
      "resolved": "https://registry.npmjs.org/bmocha/-/bmocha-1.0.1.tgz",
      "integrity": "sha512-+G3VfsQcLi9k5TObEIkcq3p8Bh6WVLsuvB2CjuLFqiKMmxXOThFyAcPkGtvZsyN/jvIh81h2TSvYje2eiI9hmA==",
      "dev": true
    },
    "bmultisig-client": {
      "version": "0.0.2",
      "resolved": "https://registry.npmjs.org/bmultisig-client/-/bmultisig-client-0.0.2.tgz",
      "integrity": "sha512-VCThAeRn56NJCbgEFnO2wAspz7GF1yzzGoOka9DnBtAdDwSYVFsK8QmpHbeIqA1DuumKLSZv+MucLsvcbrK2jw==",
      "requires": {
        "bclient": "^0.1.6",
        "bsert": "0.0.8"
      }
    },
    "bmutex": {
      "version": "0.1.5",
      "resolved": "https://registry.npmjs.org/bmutex/-/bmutex-0.1.5.tgz",
      "integrity": "sha512-vBKk+msKCdEE3Zs3fKxVATgibdf6U2k1dR1XALvXA/DuTDRQu9ot2TEp4RoJGilLvSlZxAHNq0AeBesd7KIe+Q==",
      "requires": {
        "bsert": "~0.0.8"
      }
    },
    "brq": {
      "version": "0.1.4",
      "resolved": "https://registry.npmjs.org/brq/-/brq-0.1.4.tgz",
      "integrity": "sha512-VPQtZgDjc3awXuzpuGrjuJtqsImDKrj7z4tVWC2bMafutD4Efx50otZMyxvQzJlQz3kXK3uAKonrHLKWy0Yo+A==",
      "requires": {
        "bsert": "~0.0.5"
      }
    },
    "bs32": {
      "version": "0.1.3",
      "resolved": "https://registry.npmjs.org/bs32/-/bs32-0.1.3.tgz",
      "integrity": "sha512-pTVLcFJxmAUMjtfLqaBkqCPybquBQCjxKcpVIYEDqPpXIabctuNTnK+6W4Z8WcGyLJijkAWU9ZOI9xARexT8uQ==",
      "requires": {
        "bsert": "~0.0.5"
      }
    },
    "bsert": {
      "version": "0.0.8",
      "resolved": "https://registry.npmjs.org/bsert/-/bsert-0.0.8.tgz",
      "integrity": "sha512-MzSxGNGymvJ2wAJ0lrC2cT+Irq2q+EMz5ijt8qXIxt02VoO+ZFWPNrmzNHGq6F8RJnIzzRmKz8mv1/j2xU1TQg=="
    },
    "bsip": {
      "version": "0.1.4",
      "resolved": "https://registry.npmjs.org/bsip/-/bsip-0.1.4.tgz",
      "integrity": "sha512-ZC5Dsa5k1+24DorSOgXeDgV9f7OxLcvZiXDYYjHN1mkW8OF/abNSKlogDgVrx/znpAAZ1yJPkWgrub/FsIxEmA==",
      "requires": {
        "bindings": "~1.3.1",
        "bsert": "~0.0.5",
        "nan": "~2.11.1"
      }
    },
    "bsock": {
      "version": "0.1.4",
      "resolved": "https://registry.npmjs.org/bsock/-/bsock-0.1.4.tgz",
      "integrity": "sha512-3hfPScf58kC13udMqXL/GiBubUOmwwMaTljIY8xJI0pO2uOmAaDyBCqT/PiteXRHHC1lDinK2wkFayc4xX92Wg==",
      "requires": {
        "bsert": "~0.0.5"
      }
    },
    "bsocks": {
      "version": "0.2.3",
      "resolved": "https://registry.npmjs.org/bsocks/-/bsocks-0.2.3.tgz",
      "integrity": "sha512-Mc6yqYNqPHaZkYYppCctrsZUmoISGBZQmjKnd4P8xxKeKH4KnM0JZJigF6y0QTRjq+e/+7AvSSxoSsUeGh7CYQ==",
      "requires": {
        "binet": "~0.3.3",
        "bsert": "~0.0.5"
      }
    },
    "bstring": {
      "version": "0.3.5",
      "resolved": "https://registry.npmjs.org/bstring/-/bstring-0.3.5.tgz",
      "integrity": "sha512-EgVL5WgawTtUCl/P8rZZicP+/p7X71OY9T9i1bTPNtR4587FPyxq+Dne0JuY37g/apj89RhHut7aJMS2l042Dg==",
      "requires": {
        "bindings": "~1.3.1",
        "bsert": "~0.0.8",
        "nan": "~2.12.1"
      },
      "dependencies": {
        "nan": {
          "version": "2.12.1",
          "resolved": "https://registry.npmjs.org/nan/-/nan-2.12.1.tgz",
          "integrity": "sha512-JY7V6lRkStKcKTvHO5NVSQRv+RV+FIL5pvDoLiAtSL9pKlC5x9PKQcZDsq7m4FO4d57mkhC6Z+QhAh3Jdk5JFw=="
        }
      }
    },
    "btcp": {
      "version": "0.1.3",
      "resolved": "https://registry.npmjs.org/btcp/-/btcp-0.1.3.tgz",
      "integrity": "sha512-5UV2yOHOwpIhAVqUqiC7MyHdX4coTJPcOnJik3guV+99cVo5ZK/2oKb/w+e2PBxLrsy2c93EF5/DamzmG1QqSA=="
    },
    "buffer-map": {
      "version": "0.0.4",
      "resolved": "https://registry.npmjs.org/buffer-map/-/buffer-map-0.0.4.tgz",
      "integrity": "sha512-n7GGQ9zuFPTTSWtgYduEddvdNZsM8sO19c0dTKfia3SqMYkDJYnyVOG+YOvXUmcpp97yhzLYzWB4QzK4NlaoJg=="
    },
    "bufio": {
      "version": "1.0.4",
      "resolved": "https://registry.npmjs.org/bufio/-/bufio-1.0.4.tgz",
      "integrity": "sha512-z5HOP06DHRlwB6C4Ol6RNA2HWam8Pluo5pasPniQVyC4dzwutzYHHHDjDSOgSyGeThE7kmgT7ynV1A+EuD8s3w=="
    },
    "bupnp": {
      "version": "0.2.4",
      "resolved": "https://registry.npmjs.org/bupnp/-/bupnp-0.2.4.tgz",
      "integrity": "sha512-7H1zZkX4Jba+CmY1sxAuceIZoEXAYGi767chlBrGfqFwwf1Bt4DYMsAw65Xxdu/zsLd2nsUSXliV20Txdf76xw==",
      "requires": {
        "binet": "~0.3.3",
        "brq": "~0.1.4",
        "bsert": "~0.0.5"
      }
    },
    "bval": {
      "version": "0.1.5",
      "resolved": "https://registry.npmjs.org/bval/-/bval-0.1.5.tgz",
      "integrity": "sha512-PN7Ps7MHrFk7H1cT/mvRsa8J3bx1MrApxDXZx3kee4hCjDns2v89rWO8wnuEcLEVZvNqayjKm6ATia9FRtd2aw==",
      "requires": {
        "bsert": "~0.0.8"
      }
    },
    "bweb": {
      "version": "0.1.7",
      "resolved": "https://registry.npmjs.org/bweb/-/bweb-0.1.7.tgz",
      "integrity": "sha512-mvjXvyvbe3TPQ5AW0K4kgfAMgkyCj3/JhTzl5+pJsOv+SvdXNeJsafruVubfj28PTXfVD08SH9EEuKrtsUYCHA==",
      "requires": {
        "bsert": "~0.0.8",
        "bsock": "~0.1.5"
      },
      "dependencies": {
        "bsock": {
          "version": "0.1.5",
          "resolved": "https://registry.npmjs.org/bsock/-/bsock-0.1.5.tgz",
          "integrity": "sha512-Q41VI1jX3hVbv8NBz+/HCvJXEN2/WVeXUJzooLE69LmVdsdwbN77v0pd5Efvz5+JNASV8iESfxitvdx/uknfNQ==",
          "requires": {
            "bsert": "~0.0.8"
          }
        }
      }
    },
    "mrmr": {
      "version": "0.1.4",
      "resolved": "https://registry.npmjs.org/mrmr/-/mrmr-0.1.4.tgz",
      "integrity": "sha512-i2kWXVPLExnVOO7qP861WZxK+pfJ9Rppujfl7lS5sfqWSvQbNz8OouEUgcVk6EsRiH4tDHx6yM6LQQhl0jrjXw==",
      "requires": {
        "bindings": "~1.3.1",
        "bsert": "~0.0.5",
        "nan": "~2.11.1"
      }
    },
    "n64": {
      "version": "0.2.5",
      "resolved": "https://registry.npmjs.org/n64/-/n64-0.2.5.tgz",
      "integrity": "sha512-wry9grq4tNsxvpW2hqXNJIxqv9pT3+NEs/nyg9z5nKQ4QCB6b9IF2DSpVBEC/9fxX6c6G5hJ+SzK/Iv2k+896w=="
    },
    "nan": {
      "version": "2.11.1",
      "resolved": "https://registry.npmjs.org/nan/-/nan-2.11.1.tgz",
      "integrity": "sha512-iji6k87OSXa0CcrLl9z+ZiYSuR2o+c0bGuNmXdrhTQTakxytAFsC56SArGYoiHlJlFoHSnvmhpceZJaXkVuOtA=="
    }
  }
}
