{
  "name": "bmultisig",
  "version": "1.0.1",
  "lockfileVersion": 1,
  "requires": true,
  "dependencies": {
    "abstract-leveldown": {
      "version": "5.0.0",
      "resolved": "https://registry.npmjs.org/abstract-leveldown/-/abstract-leveldown-5.0.0.tgz",
      "integrity": "sha512-5mU5P1gXtsMIXg65/rsYGsi93+MlogXZ9FA8JnwKurHQg64bfXwGYVdVdijNTVNOlAsuIiOwHdvFFD5JqCJQ7A==",
      "requires": {
        "xtend": "~4.0.0"
      }
    },
    "ansi-regex": {
      "version": "2.1.1",
      "resolved": "https://registry.npmjs.org/ansi-regex/-/ansi-regex-2.1.1.tgz",
      "integrity": "sha1-w7M6te42DYbg5ijwRorn7yfWVN8="
    },
    "aproba": {
      "version": "1.2.0",
      "resolved": "https://registry.npmjs.org/aproba/-/aproba-1.2.0.tgz",
      "integrity": "sha512-Y9J6ZjXtoYh8RnXVCMOU/ttDmk1aBjunq9vO0ta5x85WDQiQfUF9sIPBITdbiiIVcBo03Hi3jMxigBtsddlXRw=="
    },
    "are-we-there-yet": {
      "version": "1.1.5",
      "resolved": "https://registry.npmjs.org/are-we-there-yet/-/are-we-there-yet-1.1.5.tgz",
      "integrity": "sha512-5hYdAkZlcG8tOLujVDTgCT+uPX0VnpAH28gWsLfzpXYm7wP6mp5Q/gYyR7YQ0cKVJcXJnl3j2kpBan13PtQf6w==",
      "requires": {
        "delegates": "^1.0.0",
        "readable-stream": "^2.0.6"
      }
    },
    "balanced-match": {
      "version": "1.0.0",
      "resolved": "https://registry.npmjs.org/balanced-match/-/balanced-match-1.0.0.tgz",
      "integrity": "sha1-ibTRmasr7kneFk6gK4nORi1xt2c=",
      "dev": true
    },
    "bcfg": {
      "version": "0.1.2",
      "resolved": "https://registry.npmjs.org/bcfg/-/bcfg-0.1.2.tgz",
      "integrity": "sha512-vKp2Pqf8z4wk9213SQPv307/qh4bI6NPmYlW4rtTLPeNrkHMWNn2dLpxHQ4Fe/CganPcoR0xKZDopFKYeneQKw==",
      "requires": {
        "bsert": "~0.0.3"
      }
    },
    "bclient": {
      "version": "0.1.4",
      "resolved": "https://registry.npmjs.org/bclient/-/bclient-0.1.4.tgz",
      "integrity": "sha512-1/O/X1iVy1Vxydcuw5zIe/5AERcfUNbV48MPs1g7ZWa0/1Lhve432vgA5OKLQXrHADABF1vuE+ar+mGMKEiOiw==",
      "requires": {
        "bcfg": "~0.1.3",
        "bcurl": "~0.1.3",
        "bsert": "~0.0.4"
      },
      "dependencies": {
        "bcfg": {
          "version": "0.1.3",
          "resolved": "https://registry.npmjs.org/bcfg/-/bcfg-0.1.3.tgz",
          "integrity": "sha512-N/ZpKumfVYcAE5nYc0t4guvMGmtFaFn2QLUVZ0+0e1DBoRR7U6uh94pES7d2R7BKiYuVN1EI9bgOGmWGK4Kvig==",
          "requires": {
            "bsert": "~0.0.4"
          }
        }
      }
    },
    "bcoin": {
      "version": "1.0.2",
      "resolved": "https://registry.npmjs.org/bcoin/-/bcoin-1.0.2.tgz",
      "integrity": "sha512-eG7j7giwjWHa6et1ZSTgqELRKOFRaQYWDdpA0AbQQO1Xw5K8nqIDPuXySwO18Y9S2Ik+VkvAqL6IlmfnYzA3mw==",
      "requires": {
        "bcfg": "~0.1.0",
        "bclient": "~0.1.1",
        "bcrypto": "~0.3.7",
        "bdb": "~0.2.1",
        "bdns": "~0.1.0",
        "bevent": "~0.1.0",
        "bfile": "~0.1.0",
        "bfilter": "~0.2.0",
        "bheep": "~0.1.0",
        "binet": "~0.3.0",
        "blgr": "~0.1.0",
        "blru": "~0.1.0",
        "blst": "~0.1.0",
        "bmutex": "~0.1.0",
        "bn.js": "~4.11.8",
        "bsip": "~0.1.0",
        "bsock": "~0.1.0",
        "bsocks": "~0.2.0",
        "bstring": "~0.1.0",
        "btcp": "~0.1.0",
        "bufio": "~0.2.0",
        "bupnp": "~0.2.1",
        "bval": "~0.1.0",
        "bweb": "~0.1.1",
        "mrmr": "~0.1.0",
        "n64": "~0.2.0"
      },
      "dependencies": {
        "bcrypto": {
          "version": "0.3.7",
          "resolved": "https://registry.npmjs.org/bcrypto/-/bcrypto-0.3.7.tgz",
          "integrity": "sha512-ZFeKszFo4abpbzLUK8sqQx87Np5ptaskhszU4Jf9JDFa1Bjuanwrv0a7z1xZJOWNG9abz8krgwvO1Z/NBtsgbg==",
          "requires": {
            "bindings": "~1.3.0",
            "bn.js": "~4.11.8",
            "bufio": "~0.2.0",
            "elliptic": "~6.4.0",
            "nan": "~2.10.0",
            "secp256k1": "3.5.0"
          }
        },
        "bdb": {
          "version": "0.2.3",
          "resolved": "https://registry.npmjs.org/bdb/-/bdb-0.2.3.tgz",
          "integrity": "sha512-GOfUit8Rq9Y5pUuD3N4zFdZ99sXfswj7QIoFyKQnqq0zmLeQ7riJcpReJZadluOWOmQovzNij75kgA/zlKRnsw==",
          "requires": {
            "bsert": "~0.0.3",
            "leveldown": "4.0.1"
          }
        },
        "bstring": {
          "version": "0.1.1",
          "resolved": "https://registry.npmjs.org/bstring/-/bstring-0.1.1.tgz",
          "integrity": "sha512-xpJd187BAzrW9DbXuttGhAnsPRZNfRuehYd1Qds7IGj64TISNtvXqlqqebRmOcpweGwkZiBGItNoMkGbF4Qomg==",
          "requires": {
            "bindings": "~1.3.0",
            "bsert": "~0.0.3",
            "nan": "~2.10.0"
          }
        },
        "bufio": {
          "version": "0.2.0",
          "resolved": "https://registry.npmjs.org/bufio/-/bufio-0.2.0.tgz",
          "integrity": "sha512-PjL1QglhgZCWEKWbxzlVB4ExvNorHMu0JSu4ehzeKi38R74Fp7duHAl8xNEqsbJXP5Dfym7XuSEkVol1KX5mhw=="
        }
      }
    },
    "bcrypto": {
      "version": "2.0.0",
      "resolved": "https://registry.npmjs.org/bcrypto/-/bcrypto-2.0.0.tgz",
      "integrity": "sha512-j4TtmOQDsaKDV2Xf0ksgsgCQCV2EsH1O8f1vNMOtUiSlGa1RjXCB/iKVu1gErjjeCqchnMaqOXMkiMGT6yeqvQ==",
      "requires": {
        "bindings": "~1.3.0",
        "bsert": "~0.0.4",
        "bufio": "~1.0.2",
        "nan": "~2.11.0"
      },
      "dependencies": {
        "nan": {
          "version": "2.11.1",
          "resolved": "https://registry.npmjs.org/nan/-/nan-2.11.1.tgz",
          "integrity": "sha512-iji6k87OSXa0CcrLl9z+ZiYSuR2o+c0bGuNmXdrhTQTakxytAFsC56SArGYoiHlJlFoHSnvmhpceZJaXkVuOtA=="
        }
      }
    },
    "bcurl": {
      "version": "0.1.3",
      "resolved": "https://registry.npmjs.org/bcurl/-/bcurl-0.1.3.tgz",
      "integrity": "sha512-l9tG3yH52f0QYwP0g0G6K9fwpOi/1A95D9vIjAcoEMQaGl2jETxvRjiVsxMWBzo0OTwjjAZOc6HyDo1ZbkfI4g==",
      "requires": {
        "brq": "~0.1.3",
        "bsert": "~0.0.4",
        "bsock": "~0.1.3"
      },
      "dependencies": {
        "brq": {
          "version": "0.1.3",
          "resolved": "https://registry.npmjs.org/brq/-/brq-0.1.3.tgz",
          "integrity": "sha512-3wTf6IXQInJ8MedIuWmFcKL33dce7EZ7fY5aDSxzStSuvuODmpjXqNhxJ8RZ497l9CDA55Eyq1g1fJrT4LSfQQ==",
          "requires": {
            "bsert": "~0.0.4"
          }
        },
        "bsock": {
          "version": "0.1.3",
          "resolved": "https://registry.npmjs.org/bsock/-/bsock-0.1.3.tgz",
          "integrity": "sha512-XE/xHURZU1jVZ3u7ByLr4ecUWmy/3IePIbf4yBEMA5mpOBgwgyBUEOZg7stjsbx1+3MYjNvE4G1y84WuLELulg==",
          "requires": {
            "bsert": "~0.0.4"
          }
        }
      }
    },
    "bdb": {
      "version": "1.1.1",
      "resolved": "https://registry.npmjs.org/bdb/-/bdb-1.1.1.tgz",
      "integrity": "sha512-vuzkFcqTSDzZYYckVGUz37sna7KfdkMZ4t+96P3Ohw9z+uUwwakYe3G2G0ErwSLDvP7CadJrYwWtOFpu6ojSEw==",
      "requires": {
        "bindings": "~1.3.0",
        "bsert": "~0.0.4",
        "nan": "~2.11.0"
      },
      "dependencies": {
        "nan": {
          "version": "2.11.1",
          "resolved": "https://registry.npmjs.org/nan/-/nan-2.11.1.tgz",
          "integrity": "sha512-iji6k87OSXa0CcrLl9z+ZiYSuR2o+c0bGuNmXdrhTQTakxytAFsC56SArGYoiHlJlFoHSnvmhpceZJaXkVuOtA=="
        }
      }
    },
    "bdns": {
      "version": "0.1.1",
      "resolved": "https://registry.npmjs.org/bdns/-/bdns-0.1.1.tgz",
      "integrity": "sha512-XnZAjI4DOlwYW7V4uhekGXOwTmJ3zSZtG5iHybqTPTSFwh1XsxZreXcKLoPZcvBz7v+vqo934JMYPprmtc62lA==",
      "requires": {
        "bsert": "~0.0.3"
      }
    },
    "bevent": {
      "version": "0.1.2",
      "resolved": "https://registry.npmjs.org/bevent/-/bevent-0.1.2.tgz",
      "integrity": "sha512-YOqqEs+hvQ7n/VmxnfxM3jwxYAGcGO1Ls09RTCAsstROi9nVGhSMTnRi5OIPjlT9l+oFdQFUrExPxdSlXj4laQ==",
      "requires": {
        "bsert": "~0.0.4"
      }
    },
    "bfile": {
      "version": "0.1.1",
      "resolved": "https://registry.npmjs.org/bfile/-/bfile-0.1.1.tgz",
      "integrity": "sha512-BzQX3loGHgVKfu4KhZ1lI3yaZeBSFar6kKBJNTBCtI+SvYhXn4OALgCxX0C0/9Ca39vjcSkwLhOLMZZGoC0F6g=="
    },
    "bfilter": {
      "version": "0.2.0",
      "resolved": "https://registry.npmjs.org/bfilter/-/bfilter-0.2.0.tgz",
      "integrity": "sha512-kQ+LV1FTS3un6iiOqg9qp2kAF+fADZNMZpmv2DHMFIgRSCAjH4NHi9p9X3i34kGJlZzP7+KkySK5it/8/oWKEA==",
      "requires": {
        "bufio": "~0.2.0",
        "mrmr": "~0.1.0"
      },
      "dependencies": {
        "bufio": {
          "version": "0.2.0",
          "resolved": "https://registry.npmjs.org/bufio/-/bufio-0.2.0.tgz",
          "integrity": "sha512-PjL1QglhgZCWEKWbxzlVB4ExvNorHMu0JSu4ehzeKi38R74Fp7duHAl8xNEqsbJXP5Dfym7XuSEkVol1KX5mhw=="
        }
      }
    },
    "bheep": {
      "version": "0.1.1",
      "resolved": "https://registry.npmjs.org/bheep/-/bheep-0.1.1.tgz",
      "integrity": "sha512-kDgcu6BXj/6XsCc+fjjo9ViRETdkQqt0FYxQR+ZqQ4edbWE6x8o51k/BwzqkXWPHrsB2/qLjsgnnMPezJvSnpw==",
      "requires": {
        "bsert": "~0.0.3"
      }
    },
    "bindings": {
      "version": "1.3.0",
      "resolved": "https://registry.npmjs.org/bindings/-/bindings-1.3.0.tgz",
      "integrity": "sha512-DpLh5EzMR2kzvX1KIlVC0VkC3iZtHKTgdtZ0a3pglBZdaQFjt5S9g9xd1lE+YvXyfd6mtCeRnrUfOLYiTMlNSw=="
    },
    "binet": {
      "version": "0.3.1",
      "resolved": "https://registry.npmjs.org/binet/-/binet-0.3.1.tgz",
      "integrity": "sha512-4ZCsooGoTYG6BwikD1bjXStzhR5wZnc16CA13cm6ot3jsN3Ridrj7G02sL2yzXTegXILIZy25Au+RHqC8F/jzQ==",
      "requires": {
        "bs32": "~0.1.1",
        "bsert": "~0.0.3"
      }
    },
    "bip66": {
      "version": "1.1.5",
      "resolved": "https://registry.npmjs.org/bip66/-/bip66-1.1.5.tgz",
      "integrity": "sha1-AfqHSHhcpwlV1QESF9GzE5lpyiI=",
      "requires": {
        "safe-buffer": "^5.0.1"
      }
    },
    "bl": {
      "version": "1.2.2",
      "resolved": "https://registry.npmjs.org/bl/-/bl-1.2.2.tgz",
      "integrity": "sha512-e8tQYnZodmebYDWGH7KMRvtzKXaJHx3BbilrgZCfvyLUYdKpK1t5PSPmpkny/SgiTSCnjfLW7v5rlONXVFkQEA==",
      "requires": {
        "readable-stream": "^2.3.5",
        "safe-buffer": "^5.1.1"
      }
    },
    "blgr": {
      "version": "0.1.2",
      "resolved": "https://registry.npmjs.org/blgr/-/blgr-0.1.2.tgz",
      "integrity": "sha512-PPX5ULDnOM8Hrky+6SihZQpHniIKp+0RjXVzFI0Ca6533ItHnd6YXU0VbM5VFWZ/dYc7FC74hWPu0j7yYJm2MQ==",
      "requires": {
        "bsert": "~0.0.4"
      }
    },
    "blru": {
      "version": "0.1.2",
      "resolved": "https://registry.npmjs.org/blru/-/blru-0.1.2.tgz",
      "integrity": "sha512-S3rvHlFMFYOZT+1gQct44FLIeNjf51RZBUWunuMXb7GDREtI98m6MxBVjdfxYKrdIX5YI8gY4FrVLCq59oQeXQ==",
      "requires": {
        "bsert": "~0.0.3"
      }
    },
    "blst": {
      "version": "0.1.1",
      "resolved": "https://registry.npmjs.org/blst/-/blst-0.1.1.tgz",
      "integrity": "sha512-avNp9dO3fXFObDYqh8rY12uUenbLLZaySKIKI32Mlq1czTw7Szah9nzQsMh5ejmkBsR3FjUyuWczGzi4o8BVdQ==",
      "requires": {
        "bsert": "~0.0.3"
      }
    },
    "bmutex": {
      "version": "0.1.3",
      "resolved": "https://registry.npmjs.org/bmutex/-/bmutex-0.1.3.tgz",
      "integrity": "sha512-VR6fZbVl2/GZOSUy2Cpl7ijVZKP/Ma9JUaGQBSw/xW5lJB7fF2qzmY0BLJ0s0TG+lAY0+1yqPiA3Nj1mlDEUdA==",
      "requires": {
        "bsert": "~0.0.4"
      }
    },
    "bn.js": {
      "version": "4.11.8",
      "resolved": "https://registry.npmjs.org/bn.js/-/bn.js-4.11.8.tgz",
      "integrity": "sha512-ItfYfPLkWHUjckQCk8xC+LwxgK8NYcXywGigJgSwOP8Y2iyWT4f2vsZnoOXTTbo+o5yXmIUJ4gn5538SO5S3gA=="
    },
    "brace-expansion": {
      "version": "1.1.11",
      "resolved": "https://registry.npmjs.org/brace-expansion/-/brace-expansion-1.1.11.tgz",
      "integrity": "sha512-iCuPHDFgrHX7H2vEI/5xpz07zSHB00TpugqhmYtVmMO6518mCuRMoOYFldEBl0g187ufozdaHgWKcYFb61qGiA==",
      "dev": true,
      "requires": {
        "balanced-match": "^1.0.0",
        "concat-map": "0.0.1"
      }
    },
    "brorand": {
      "version": "1.1.0",
      "resolved": "https://registry.npmjs.org/brorand/-/brorand-1.1.0.tgz",
      "integrity": "sha1-EsJe/kCkXjwyPrhnWgoM5XsiNx8="
    },
    "browser-stdout": {
      "version": "1.3.1",
      "resolved": "https://registry.npmjs.org/browser-stdout/-/browser-stdout-1.3.1.tgz",
      "integrity": "sha512-qhAVI1+Av2X7qelOfAIYwXONood6XlZE/fXaBSmW/T5SzLAmCgzi+eiWE7fUvbHaeNBQH13UftjpXxsfLkMpgw==",
      "dev": true
    },
    "browserify-aes": {
      "version": "1.2.0",
      "resolved": "https://registry.npmjs.org/browserify-aes/-/browserify-aes-1.2.0.tgz",
      "integrity": "sha512-+7CHXqGuspUn/Sl5aO7Ea0xWGAtETPXNSAjHo48JfLdPWcMng33Xe4znFvQweqc/uzk5zSOI3H52CYnjCfb5hA==",
      "requires": {
        "buffer-xor": "^1.0.3",
        "cipher-base": "^1.0.0",
        "create-hash": "^1.1.0",
        "evp_bytestokey": "^1.0.3",
        "inherits": "^2.0.1",
        "safe-buffer": "^5.0.1"
      }
    },
    "brq": {
      "version": "0.1.2",
      "resolved": "https://registry.npmjs.org/brq/-/brq-0.1.2.tgz",
      "integrity": "sha512-YE+G82KUl6HWScDfS3gGCxqGv4CsL+LI3K8oKtzZQVjvGu+LqgbRboT+6dCgXhaWRTTZXCaAsRdzK2tCemdcyw==",
      "requires": {
        "bsert": "~0.0.3"
      }
    },
    "bs32": {
      "version": "0.1.1",
      "resolved": "https://registry.npmjs.org/bs32/-/bs32-0.1.1.tgz",
      "integrity": "sha512-mvHV7pk3ub6jLKpztr2+KMcx4uR2L/9rl5x0BKBgXBmImeILjkTeEjG1ts4gZ302qW/z7mxDf07W9sPovjlHtA==",
      "requires": {
        "bsert": "~0.0.3"
      }
    },
    "bsert": {
      "version": "0.0.4",
      "resolved": "https://registry.npmjs.org/bsert/-/bsert-0.0.4.tgz",
      "integrity": "sha512-VReLe1aTaHRmf80YLOHUk8ONQ48SjseZP76GlNIDheD5REYByn/Mm9yrtI0/ZCaFrcfxzgpiw1/hMMCUOSMa3w=="
    },
    "bsip": {
      "version": "0.1.1",
      "resolved": "https://registry.npmjs.org/bsip/-/bsip-0.1.1.tgz",
      "integrity": "sha512-LQdhDedZQuwezVneaojtV7CPJSiDUsVvB+HVIG9BmMi9cEtPC1MKKtRMLNm1HEaXauhc3fTdfCjXnBmPkOcTng==",
      "requires": {
        "bindings": "~1.3.0",
        "bsert": "~0.0.3",
        "nan": "~2.10.0"
      }
    },
    "bsock": {
      "version": "0.1.2",
      "resolved": "https://registry.npmjs.org/bsock/-/bsock-0.1.2.tgz",
      "integrity": "sha512-fWPIARHCdK76+cFdbEf46pBYCBtkXMDux4l1/T0AVmZNd7Z8jBlgTJnHZUm8KZ+wV287BSoX8lY1VcqvHjW8Dg==",
      "requires": {
        "bsert": "~0.0.3"
      }
    },
    "bsocks": {
      "version": "0.2.1",
      "resolved": "https://registry.npmjs.org/bsocks/-/bsocks-0.2.1.tgz",
      "integrity": "sha512-RSoJL6j7C1bw9IHaxiKhEj2iga1TRNyW9EiMpDhfunbMM9xvP5xJ+oVmOCJLE+JEDRdWNESAgOeNZnn3q9fGdg==",
      "requires": {
        "binet": "~0.3.1",
        "bsert": "~0.0.3"
      }
    },
    "bstring": {
      "version": "0.3.2",
      "resolved": "https://registry.npmjs.org/bstring/-/bstring-0.3.2.tgz",
      "integrity": "sha512-ERoVLvK+sqTTenZtchqTR09yijowov/IDErTGJgI0uOHfK6cBjBRhLKqshBTxBWP8/q75dVhi4katyZCodJUig==",
      "requires": {
        "bindings": "~1.3.0",
        "bsert": "~0.0.4",
        "n64": "~0.2.2",
        "nan": "~2.11.0"
      },
      "dependencies": {
        "n64": {
          "version": "0.2.2",
          "resolved": "https://registry.npmjs.org/n64/-/n64-0.2.2.tgz",
          "integrity": "sha512-GZwT9n1Il1T4v+CKlefieFcaq7rubLTsqbGIBtXpt8rDMhw/ZmjJMdoj0hT/Qk86uSYnQ/RisRHp4ZmPS2Qfjw=="
        },
        "nan": {
          "version": "2.11.1",
          "resolved": "https://registry.npmjs.org/nan/-/nan-2.11.1.tgz",
          "integrity": "sha512-iji6k87OSXa0CcrLl9z+ZiYSuR2o+c0bGuNmXdrhTQTakxytAFsC56SArGYoiHlJlFoHSnvmhpceZJaXkVuOtA=="
        }
      }
    },
    "btcp": {
      "version": "0.1.1",
      "resolved": "https://registry.npmjs.org/btcp/-/btcp-0.1.1.tgz",
      "integrity": "sha512-EwqraaSVjrMYSuSchJ0t2gdeA/4BGgKu+tFVJpTpc4pjzrlu9O6kc3NNffSyIzoxd7jToRdrsT3TorA03a/qwQ=="
    },
    "buffer-alloc": {
      "version": "1.2.0",
      "resolved": "https://registry.npmjs.org/buffer-alloc/-/buffer-alloc-1.2.0.tgz",
      "integrity": "sha512-CFsHQgjtW1UChdXgbyJGtnm+O/uLQeZdtbDo8mfUgYXCHSM1wgrVxXm6bSyrUuErEb+4sYVGCzASBRot7zyrow==",
      "requires": {
        "buffer-alloc-unsafe": "^1.1.0",
        "buffer-fill": "^1.0.0"
      }
    },
    "buffer-alloc-unsafe": {
      "version": "1.1.0",
      "resolved": "https://registry.npmjs.org/buffer-alloc-unsafe/-/buffer-alloc-unsafe-1.1.0.tgz",
      "integrity": "sha512-TEM2iMIEQdJ2yjPJoSIsldnleVaAk1oW3DBVUykyOLsEsFmEc9kn+SFFPz+gl54KQNxlDnAwCXosOS9Okx2xAg=="
    },
    "buffer-fill": {
      "version": "1.0.0",
      "resolved": "https://registry.npmjs.org/buffer-fill/-/buffer-fill-1.0.0.tgz",
      "integrity": "sha1-+PeLdniYiO858gXNY39o5wISKyw="
    },
    "buffer-xor": {
      "version": "1.0.3",
      "resolved": "https://registry.npmjs.org/buffer-xor/-/buffer-xor-1.0.3.tgz",
      "integrity": "sha1-JuYe0UIvtw3ULm42cp7VHYVf6Nk="
    },
    "bufio": {
      "version": "1.0.2",
      "resolved": "https://registry.npmjs.org/bufio/-/bufio-1.0.2.tgz",
      "integrity": "sha512-Iy21XxtsPuBNjiny0/h6qIY9uKi91ZCvdbXOLJEV8dAKXE3COxWMfzcXXN3dpSQXhe6FiJ3iBZxzNfpjyPccug=="
    },
    "bupnp": {
      "version": "0.2.2",
      "resolved": "https://registry.npmjs.org/bupnp/-/bupnp-0.2.2.tgz",
      "integrity": "sha512-VauG03WYuZqqP+n/4gf/ItoZPgmSR76whDRFvAYvzsQzotTs3NfIKa7GGlykjAmvOPuuXqa2yVPNGV8dS+MomA==",
      "requires": {
        "binet": "~0.3.1",
        "brq": "~0.1.2",
        "bsert": "~0.0.3"
      }
    },
    "bval": {
      "version": "0.1.3",
      "resolved": "https://registry.npmjs.org/bval/-/bval-0.1.3.tgz",
      "integrity": "sha512-DLQAjvVCbAUFVy2jnMyKtk4gjoYyQTXeu61ykPiTEOl/wdzgYGu5gdxvp3cLi6hzZzplOAgGG5zMc6w6+ZzoPA==",
      "requires": {
        "bsert": "~0.0.4"
      }
    },
    "bweb": {
      "version": "0.1.3",
      "resolved": "https://registry.npmjs.org/bweb/-/bweb-0.1.3.tgz",
      "integrity": "sha512-xbB/Dcr4HKky4QONiLVsPlftDaH9spDhv15pXCVNqE5WmR6nHVG+b39Nd2JsYHtCBz5zzYoKrQWui00QDoYg9Q==",
      "requires": {
        "bsert": "~0.0.3",
        "bsock": "~0.1.1"
      }
    },
    "chownr": {
      "version": "1.0.1",
      "resolved": "https://registry.npmjs.org/chownr/-/chownr-1.0.1.tgz",
      "integrity": "sha1-4qdQQqlVGQi+vSW4Uj1fl2nXkYE="
    },
    "cipher-base": {
      "version": "1.0.4",
      "resolved": "https://registry.npmjs.org/cipher-base/-/cipher-base-1.0.4.tgz",
      "integrity": "sha512-Kkht5ye6ZGmwv40uUDZztayT2ThLQGfnj/T71N/XzeZeo3nf8foyW7zGTsPYkEya3m5f3cAypH+qe7YOrM1U2Q==",
      "requires": {
        "inherits": "^2.0.1",
        "safe-buffer": "^5.0.1"
      }
    },
    "code-point-at": {
      "version": "1.1.0",
      "resolved": "https://registry.npmjs.org/code-point-at/-/code-point-at-1.1.0.tgz",
      "integrity": "sha1-DQcLTQQ6W+ozovGkDi7bPZpMz3c="
    },
    "commander": {
      "version": "2.15.1",
      "resolved": "https://registry.npmjs.org/commander/-/commander-2.15.1.tgz",
      "integrity": "sha512-VlfT9F3V0v+jr4yxPc5gg9s62/fIVWsd2Bk2iD435um1NlGMYdVCq+MjcXnhYq2icNOizHr1kK+5TI6H0Hy0ag==",
      "dev": true
    },
    "concat-map": {
      "version": "0.0.1",
      "resolved": "https://registry.npmjs.org/concat-map/-/concat-map-0.0.1.tgz",
      "integrity": "sha1-2Klr13/Wjfd5OnMDajug1UBdR3s=",
      "dev": true
    },
    "console-control-strings": {
      "version": "1.1.0",
      "resolved": "https://registry.npmjs.org/console-control-strings/-/console-control-strings-1.1.0.tgz",
      "integrity": "sha1-PXz0Rk22RG6mRL9LOVB/mFEAjo4="
    },
    "core-util-is": {
      "version": "1.0.2",
      "resolved": "https://registry.npmjs.org/core-util-is/-/core-util-is-1.0.2.tgz",
      "integrity": "sha1-tf1UIgqivFq1eqtxQMlAdUUDwac="
    },
    "create-hash": {
      "version": "1.2.0",
      "resolved": "https://registry.npmjs.org/create-hash/-/create-hash-1.2.0.tgz",
      "integrity": "sha512-z00bCGNHDG8mHAkP7CtT1qVu+bFQUPjYq/4Iv3C3kWjTFV10zIjfSoeqXo9Asws8gwSHDGj/hl2u4OGIjapeCg==",
      "requires": {
        "cipher-base": "^1.0.1",
        "inherits": "^2.0.1",
        "md5.js": "^1.3.4",
        "ripemd160": "^2.0.1",
        "sha.js": "^2.4.0"
      }
    },
    "create-hmac": {
      "version": "1.1.7",
      "resolved": "https://registry.npmjs.org/create-hmac/-/create-hmac-1.1.7.tgz",
      "integrity": "sha512-MJG9liiZ+ogc4TzUwuvbER1JRdgvUFSB5+VR/g5h82fGaIRWMWddtKBHi7/sVhfjQZ6SehlyhvQYrcYkaUIpLg==",
      "requires": {
        "cipher-base": "^1.0.3",
        "create-hash": "^1.1.0",
        "inherits": "^2.0.1",
        "ripemd160": "^2.0.0",
        "safe-buffer": "^5.0.1",
        "sha.js": "^2.4.8"
      }
    },
    "debug": {
      "version": "3.1.0",
      "resolved": "https://registry.npmjs.org/debug/-/debug-3.1.0.tgz",
      "integrity": "sha512-OX8XqP7/1a9cqkxYw2yXss15f26NKWBpDXQd0/uK/KPqdQhxbPa994hnzjcE2VqQpDslf55723cKPUOGSmMY3g==",
      "dev": true,
      "requires": {
        "ms": "2.0.0"
      }
    },
    "decompress-response": {
      "version": "3.3.0",
      "resolved": "https://registry.npmjs.org/decompress-response/-/decompress-response-3.3.0.tgz",
      "integrity": "sha1-gKTdMjdIOEv6JICDYirt7Jgq3/M=",
      "requires": {
        "mimic-response": "^1.0.0"
      }
    },
    "deep-extend": {
      "version": "0.6.0",
      "resolved": "https://registry.npmjs.org/deep-extend/-/deep-extend-0.6.0.tgz",
      "integrity": "sha512-LOHxIOaPYdHlJRtCQfDIVZtfw/ufM8+rVj649RIHzcm/vGwQRXFt6OPqIFWsm2XEMrNIEtWR64sY1LEKD2vAOA=="
    },
    "delegates": {
      "version": "1.0.0",
      "resolved": "https://registry.npmjs.org/delegates/-/delegates-1.0.0.tgz",
      "integrity": "sha1-hMbhWbgZBP3KWaDvRM2HDTElD5o="
    },
    "detect-libc": {
      "version": "1.0.3",
      "resolved": "https://registry.npmjs.org/detect-libc/-/detect-libc-1.0.3.tgz",
      "integrity": "sha1-+hN8S9aY7fVc1c0CrFWfkaTEups="
    },
    "diff": {
      "version": "3.5.0",
      "resolved": "https://registry.npmjs.org/diff/-/diff-3.5.0.tgz",
      "integrity": "sha512-A46qtFgd+g7pDZinpnwiRJtxbC1hpgf0uzP3iG89scHk0AUC7A1TGxf5OiiOUv/JMZR8GOt8hL900hV0bOy5xA==",
      "dev": true
    },
    "drbg.js": {
      "version": "1.0.1",
      "resolved": "https://registry.npmjs.org/drbg.js/-/drbg.js-1.0.1.tgz",
      "integrity": "sha1-Pja2xCs3BDgjzbwzLVjzHiRFSAs=",
      "requires": {
        "browserify-aes": "^1.0.6",
        "create-hash": "^1.1.2",
        "create-hmac": "^1.1.4"
      }
    },
    "elliptic": {
      "version": "6.4.1",
      "resolved": "https://registry.npmjs.org/elliptic/-/elliptic-6.4.1.tgz",
      "integrity": "sha512-BsXLz5sqX8OHcsh7CqBMztyXARmGQ3LWPtGjJi6DiJHq5C/qvi9P3OqgswKSDftbu8+IoI/QDTAm2fFnQ9SZSQ==",
      "requires": {
        "bn.js": "^4.4.0",
        "brorand": "^1.0.1",
        "hash.js": "^1.0.0",
        "hmac-drbg": "^1.0.0",
        "inherits": "^2.0.1",
        "minimalistic-assert": "^1.0.0",
        "minimalistic-crypto-utils": "^1.0.0"
      }
    },
    "end-of-stream": {
      "version": "1.4.1",
      "resolved": "https://registry.npmjs.org/end-of-stream/-/end-of-stream-1.4.1.tgz",
      "integrity": "sha512-1MkrZNvWTKCaigbn+W15elq2BB/L22nqrSY5DKlo3X6+vclJm8Bb5djXJBmEX6fS3+zCh/F4VBK5Z2KxJt4s2Q==",
      "requires": {
        "once": "^1.4.0"
      }
    },
    "escape-string-regexp": {
      "version": "1.0.5",
      "resolved": "https://registry.npmjs.org/escape-string-regexp/-/escape-string-regexp-1.0.5.tgz",
      "integrity": "sha1-G2HAViGQqN/2rjuyzwIAyhMLhtQ=",
      "dev": true
    },
    "evp_bytestokey": {
      "version": "1.0.3",
      "resolved": "https://registry.npmjs.org/evp_bytestokey/-/evp_bytestokey-1.0.3.tgz",
      "integrity": "sha512-/f2Go4TognH/KvCISP7OUsHn85hT9nUkxxA9BEWxFn+Oj9o8ZNLm/40hdlgSLyuOimsrTKLUMEorQexp/aPQeA==",
      "requires": {
        "md5.js": "^1.3.4",
        "safe-buffer": "^5.1.1"
      }
    },
    "expand-template": {
      "version": "1.1.1",
      "resolved": "https://registry.npmjs.org/expand-template/-/expand-template-1.1.1.tgz",
      "integrity": "sha512-cebqLtV8KOZfw0UI8TEFWxtczxxC1jvyUvx6H4fyp1K1FN7A4Q+uggVUlOsI1K8AGU0rwOGqP8nCapdrw8CYQg=="
    },
    "fast-future": {
      "version": "1.0.2",
      "resolved": "https://registry.npmjs.org/fast-future/-/fast-future-1.0.2.tgz",
      "integrity": "sha1-hDWpqqAteSSNF9cE52JZMB2ZKAo="
    },
    "fs-constants": {
      "version": "1.0.0",
      "resolved": "https://registry.npmjs.org/fs-constants/-/fs-constants-1.0.0.tgz",
      "integrity": "sha512-y6OAwoSIf7FyjMIv94u+b5rdheZEjzR63GTyZJm5qh4Bi+2YgwLCcI/fPFZkL5PSixOt6ZNKm+w+Hfp/Bciwow=="
    },
    "fs.realpath": {
      "version": "1.0.0",
      "resolved": "https://registry.npmjs.org/fs.realpath/-/fs.realpath-1.0.0.tgz",
      "integrity": "sha1-FQStJSMVjKpA20onh8sBQRmU6k8=",
      "dev": true
    },
    "gauge": {
      "version": "2.7.4",
      "resolved": "https://registry.npmjs.org/gauge/-/gauge-2.7.4.tgz",
      "integrity": "sha1-LANAXHU4w51+s3sxcCLjJfsBi/c=",
      "requires": {
        "aproba": "^1.0.3",
        "console-control-strings": "^1.0.0",
        "has-unicode": "^2.0.0",
        "object-assign": "^4.1.0",
        "signal-exit": "^3.0.0",
        "string-width": "^1.0.1",
        "strip-ansi": "^3.0.1",
        "wide-align": "^1.1.0"
      }
    },
    "github-from-package": {
      "version": "0.0.0",
      "resolved": "https://registry.npmjs.org/github-from-package/-/github-from-package-0.0.0.tgz",
      "integrity": "sha1-l/tdlr/eiXMxPyDoKI75oWf6ZM4="
    },
    "glob": {
      "version": "7.1.2",
      "resolved": "https://registry.npmjs.org/glob/-/glob-7.1.2.tgz",
      "integrity": "sha512-MJTUg1kjuLeQCJ+ccE4Vpa6kKVXkPYJ2mOCQyUuKLcLQsdrMCpBPUi8qVE6+YuaJkozeA9NusTAw3hLr8Xe5EQ==",
      "dev": true,
      "requires": {
        "fs.realpath": "^1.0.0",
        "inflight": "^1.0.4",
        "inherits": "2",
        "minimatch": "^3.0.4",
        "once": "^1.3.0",
        "path-is-absolute": "^1.0.0"
      }
    },
    "growl": {
      "version": "1.10.5",
      "resolved": "https://registry.npmjs.org/growl/-/growl-1.10.5.tgz",
      "integrity": "sha512-qBr4OuELkhPenW6goKVXiv47US3clb3/IbuWF9KNKEijAy9oeHxU9IgzjvJhHkUzhaj7rOUD7+YGWqUjLp5oSA==",
      "dev": true
    },
    "has-flag": {
      "version": "3.0.0",
      "resolved": "https://registry.npmjs.org/has-flag/-/has-flag-3.0.0.tgz",
      "integrity": "sha1-tdRU3CGZriJWmfNGfloH87lVuv0=",
      "dev": true
    },
    "has-unicode": {
      "version": "2.0.1",
      "resolved": "https://registry.npmjs.org/has-unicode/-/has-unicode-2.0.1.tgz",
      "integrity": "sha1-4Ob+aijPUROIVeCG0Wkedx3iqLk="
    },
    "hash-base": {
      "version": "3.0.4",
      "resolved": "https://registry.npmjs.org/hash-base/-/hash-base-3.0.4.tgz",
      "integrity": "sha1-X8hoaEfs1zSZQDMZprCj8/auSRg=",
      "requires": {
        "inherits": "^2.0.1",
        "safe-buffer": "^5.0.1"
      }
    },
    "hash.js": {
      "version": "1.1.5",
      "resolved": "https://registry.npmjs.org/hash.js/-/hash.js-1.1.5.tgz",
      "integrity": "sha512-eWI5HG9Np+eHV1KQhisXWwM+4EPPYe5dFX1UZZH7k/E3JzDEazVH+VGlZi6R94ZqImq+A3D1mCEtrFIfg/E7sA==",
      "requires": {
        "inherits": "^2.0.3",
        "minimalistic-assert": "^1.0.1"
      }
    },
    "he": {
      "version": "1.1.1",
      "resolved": "https://registry.npmjs.org/he/-/he-1.1.1.tgz",
      "integrity": "sha1-k0EP0hsAlzUVH4howvJx80J+I/0=",
      "dev": true
    },
    "hmac-drbg": {
      "version": "1.0.1",
      "resolved": "https://registry.npmjs.org/hmac-drbg/-/hmac-drbg-1.0.1.tgz",
      "integrity": "sha1-0nRXAQJabHdabFRXk+1QL8DGSaE=",
      "requires": {
        "hash.js": "^1.0.3",
        "minimalistic-assert": "^1.0.0",
        "minimalistic-crypto-utils": "^1.0.1"
      }
    },
    "inflight": {
      "version": "1.0.6",
      "resolved": "https://registry.npmjs.org/inflight/-/inflight-1.0.6.tgz",
      "integrity": "sha1-Sb1jMdfQLQwJvJEKEHW6gWW1bfk=",
      "dev": true,
      "requires": {
        "once": "^1.3.0",
        "wrappy": "1"
      }
    },
    "inherits": {
      "version": "2.0.3",
      "resolved": "https://registry.npmjs.org/inherits/-/inherits-2.0.3.tgz",
      "integrity": "sha1-Yzwsg+PaQqUC9SRmAiSA9CCCYd4="
    },
    "ini": {
      "version": "1.3.5",
      "resolved": "https://registry.npmjs.org/ini/-/ini-1.3.5.tgz",
      "integrity": "sha512-RZY5huIKCMRWDUqZlEi72f/lmXKMvuszcMBduliQ3nnWbx9X/ZBQO7DijMEYS9EhHBb2qacRUMtC7svLwe0lcw=="
    },
    "is-fullwidth-code-point": {
      "version": "1.0.0",
      "resolved": "https://registry.npmjs.org/is-fullwidth-code-point/-/is-fullwidth-code-point-1.0.0.tgz",
      "integrity": "sha1-754xOG8DGn8NZDr4L95QxFfvAMs=",
      "requires": {
        "number-is-nan": "^1.0.0"
      }
    },
    "isarray": {
      "version": "1.0.0",
      "resolved": "https://registry.npmjs.org/isarray/-/isarray-1.0.0.tgz",
      "integrity": "sha1-u5NdSFgsuhaMBoNJV6VKPgcSTxE="
    },
    "leveldown": {
      "version": "4.0.1",
      "resolved": "https://registry.npmjs.org/leveldown/-/leveldown-4.0.1.tgz",
      "integrity": "sha512-ZlBKVSsglPIPJnz4ggB8o2R0bxDxbsMzuQohbfgoFMVApyTE118DK5LNRG0cRju6rt3OkGxe0V6UYACGlq/byg==",
      "requires": {
        "abstract-leveldown": "~5.0.0",
        "bindings": "~1.3.0",
        "fast-future": "~1.0.2",
        "nan": "~2.10.0",
        "prebuild-install": "^4.0.0"
      }
    },
    "md5.js": {
      "version": "1.3.4",
      "resolved": "https://registry.npmjs.org/md5.js/-/md5.js-1.3.4.tgz",
      "integrity": "sha1-6b296UogpawYsENA/Fdk1bCdkB0=",
      "requires": {
        "hash-base": "^3.0.0",
        "inherits": "^2.0.1"
      }
    },
    "mimic-response": {
      "version": "1.0.1",
      "resolved": "https://registry.npmjs.org/mimic-response/-/mimic-response-1.0.1.tgz",
      "integrity": "sha512-j5EctnkH7amfV/q5Hgmoal1g2QHFJRraOtmx0JpIqkxhBhI/lJSl1nMpQ45hVarwNETOoWEimndZ4QK0RHxuxQ=="
    },
    "minimalistic-assert": {
      "version": "1.0.1",
      "resolved": "https://registry.npmjs.org/minimalistic-assert/-/minimalistic-assert-1.0.1.tgz",
      "integrity": "sha512-UtJcAD4yEaGtjPezWuO9wC4nwUnVH/8/Im3yEHQP4b67cXlD/Qr9hdITCU1xDbSEXg2XKNaP8jsReV7vQd00/A=="
    },
    "minimalistic-crypto-utils": {
      "version": "1.0.1",
      "resolved": "https://registry.npmjs.org/minimalistic-crypto-utils/-/minimalistic-crypto-utils-1.0.1.tgz",
      "integrity": "sha1-9sAMHAsIIkblxNmd+4x8CDsrWCo="
    },
    "minimatch": {
      "version": "3.0.4",
      "resolved": "https://registry.npmjs.org/minimatch/-/minimatch-3.0.4.tgz",
      "integrity": "sha512-yJHVQEhyqPLUTgt9B83PXu6W3rx4MvvHvSUvToogpwoGDOUQ+yDrR0HRot+yOCdCO7u4hX3pWft6kWBBcqh0UA==",
      "dev": true,
      "requires": {
        "brace-expansion": "^1.1.7"
      }
    },
    "minimist": {
      "version": "1.2.0",
      "resolved": "https://registry.npmjs.org/minimist/-/minimist-1.2.0.tgz",
      "integrity": "sha1-o1AIsg9BOD7sH7kU9M1d95omQoQ="
    },
    "mkdirp": {
      "version": "0.5.1",
      "resolved": "https://registry.npmjs.org/mkdirp/-/mkdirp-0.5.1.tgz",
      "integrity": "sha1-MAV0OOrGz3+MR2fzhkjWaX11yQM=",
      "requires": {
        "minimist": "0.0.8"
      },
      "dependencies": {
        "minimist": {
          "version": "0.0.8",
          "resolved": "https://registry.npmjs.org/minimist/-/minimist-0.0.8.tgz",
          "integrity": "sha1-hX/Kv8M5fSYluCKCYuhqp6ARsF0="
        }
      }
    },
    "mocha": {
      "version": "5.2.0",
      "resolved": "https://registry.npmjs.org/mocha/-/mocha-5.2.0.tgz",
      "integrity": "sha512-2IUgKDhc3J7Uug+FxMXuqIyYzH7gJjXECKe/w43IGgQHTSj3InJi+yAA7T24L9bQMRKiUEHxEX37G5JpVUGLcQ==",
      "dev": true,
      "requires": {
        "browser-stdout": "1.3.1",
        "commander": "2.15.1",
        "debug": "3.1.0",
        "diff": "3.5.0",
        "escape-string-regexp": "1.0.5",
        "glob": "7.1.2",
        "growl": "1.10.5",
        "he": "1.1.1",
        "minimatch": "3.0.4",
        "mkdirp": "0.5.1",
        "supports-color": "5.4.0"
      },
      "dependencies": {
        "supports-color": {
          "version": "5.4.0",
          "resolved": "https://registry.npmjs.org/supports-color/-/supports-color-5.4.0.tgz",
          "integrity": "sha512-zjaXglF5nnWpsq470jSv6P9DwPvgLkuapYmfDm3JWOm0vkNTVF2tI4UrN2r6jH1qM/uc/WtxYY1hYoA2dOKj5w==",
          "dev": true,
          "requires": {
            "has-flag": "^3.0.0"
          }
        }
      }
    },
    "mrmr": {
      "version": "0.1.1",
      "resolved": "https://registry.npmjs.org/mrmr/-/mrmr-0.1.1.tgz",
      "integrity": "sha512-2nJ8KlBZiFsj629GsqSBfx/ILWpL3+Kam8eMBn/YL84lvPUuAG0SNvtaGr8Z7T19wKOYnJAV5N+MCEXVgguxtQ==",
      "requires": {
        "bindings": "~1.3.0",
        "bsert": "~0.0.3",
        "nan": "~2.10.0"
      }
    },
    "ms": {
      "version": "2.0.0",
      "resolved": "https://registry.npmjs.org/ms/-/ms-2.0.0.tgz",
      "integrity": "sha1-VgiurfwAvmwpAd9fmGF4jeDVl8g=",
      "dev": true
    },
    "n64": {
      "version": "0.2.1",
      "resolved": "https://registry.npmjs.org/n64/-/n64-0.2.1.tgz",
      "integrity": "sha512-rs7dj53A2qK/bk4gQnBAp3DYwtyHKs5y2tbuQkgM4mDwGBI7fPJBbfBaXaNOpbVtnru2Aw++qVCNDYJ3XAuc7A=="
    },
    "nan": {
      "version": "2.10.0",
      "resolved": "https://registry.npmjs.org/nan/-/nan-2.10.0.tgz",
      "integrity": "sha512-bAdJv7fBLhWC+/Bls0Oza+mvTaNQtP+1RyhhhvD95pgUJz6XM5IzgmxOkItJ9tkoCiplvAnXI1tNmmUD/eScyA=="
    },
    "node-abi": {
      "version": "2.4.3",
      "resolved": "https://registry.npmjs.org/node-abi/-/node-abi-2.4.3.tgz",
      "integrity": "sha512-b656V5C0628gOOA2kwcpNA/bxdlqYF9FvxJ+qqVX0ctdXNVZpS8J6xEUYir3WAKc7U0BH/NRlSpNbGsy+azjeg==",
      "requires": {
        "semver": "^5.4.1"
      }
    },
    "noop-logger": {
      "version": "0.1.1",
      "resolved": "https://registry.npmjs.org/noop-logger/-/noop-logger-0.1.1.tgz",
      "integrity": "sha1-lKKxYzxPExdVMAfYlm/Q6EG2pMI="
    },
    "npmlog": {
      "version": "4.1.2",
      "resolved": "https://registry.npmjs.org/npmlog/-/npmlog-4.1.2.tgz",
      "integrity": "sha512-2uUqazuKlTaSI/dC8AzicUck7+IrEaOnN/e0jd3Xtt1KcGpwx30v50mL7oPyr/h9bL3E4aZccVwpwP+5W9Vjkg==",
      "requires": {
        "are-we-there-yet": "~1.1.2",
        "console-control-strings": "~1.1.0",
        "gauge": "~2.7.3",
        "set-blocking": "~2.0.0"
      }
    },
    "number-is-nan": {
      "version": "1.0.1",
      "resolved": "https://registry.npmjs.org/number-is-nan/-/number-is-nan-1.0.1.tgz",
      "integrity": "sha1-CXtgK1NCKlIsGvuHkDGDNpQaAR0="
    },
    "object-assign": {
      "version": "4.1.1",
      "resolved": "https://registry.npmjs.org/object-assign/-/object-assign-4.1.1.tgz",
      "integrity": "sha1-IQmtx5ZYh8/AXLvUQsrIv7s2CGM="
    },
    "once": {
      "version": "1.4.0",
      "resolved": "https://registry.npmjs.org/once/-/once-1.4.0.tgz",
      "integrity": "sha1-WDsap3WWHUsROsF9nFC6753Xa9E=",
      "requires": {
        "wrappy": "1"
      }
    },
    "os-homedir": {
      "version": "1.0.2",
      "resolved": "https://registry.npmjs.org/os-homedir/-/os-homedir-1.0.2.tgz",
      "integrity": "sha1-/7xJiDNuDoM94MFox+8VISGqf7M="
    },
    "path-is-absolute": {
      "version": "1.0.1",
      "resolved": "https://registry.npmjs.org/path-is-absolute/-/path-is-absolute-1.0.1.tgz",
      "integrity": "sha1-F0uSaHNVNP+8es5r9TpanhtcX18=",
      "dev": true
    },
    "prebuild-install": {
      "version": "4.0.0",
      "resolved": "https://registry.npmjs.org/prebuild-install/-/prebuild-install-4.0.0.tgz",
      "integrity": "sha512-7tayxeYboJX0RbVzdnKyGl2vhQRWr6qfClEXDhOkXjuaOKCw2q8aiuFhONRYVsG/czia7KhpykIlI2S2VaPunA==",
      "requires": {
        "detect-libc": "^1.0.3",
        "expand-template": "^1.0.2",
        "github-from-package": "0.0.0",
        "minimist": "^1.2.0",
        "mkdirp": "^0.5.1",
        "node-abi": "^2.2.0",
        "noop-logger": "^0.1.1",
        "npmlog": "^4.0.1",
        "os-homedir": "^1.0.1",
        "pump": "^2.0.1",
        "rc": "^1.1.6",
        "simple-get": "^2.7.0",
        "tar-fs": "^1.13.0",
        "tunnel-agent": "^0.6.0",
        "which-pm-runs": "^1.0.0"
      }
    },
    "process-nextick-args": {
      "version": "2.0.0",
      "resolved": "https://registry.npmjs.org/process-nextick-args/-/process-nextick-args-2.0.0.tgz",
      "integrity": "sha512-MtEC1TqN0EU5nephaJ4rAtThHtC86dNN9qCuEhtshvpVBkAW5ZO7BASN9REnF9eoXGcRub+pFuKEpOHE+HbEMw=="
    },
    "pump": {
      "version": "2.0.1",
      "resolved": "https://registry.npmjs.org/pump/-/pump-2.0.1.tgz",
      "integrity": "sha512-ruPMNRkN3MHP1cWJc9OWr+T/xDP0jhXYCLfJcBuX54hhfIBnaQmAUMfDcG4DM5UMWByBbJY69QSphm3jtDKIkA==",
      "requires": {
        "end-of-stream": "^1.1.0",
        "once": "^1.3.1"
      }
    },
    "rc": {
      "version": "1.2.8",
      "resolved": "https://registry.npmjs.org/rc/-/rc-1.2.8.tgz",
      "integrity": "sha512-y3bGgqKj3QBdxLbLkomlohkvsA8gdAiUQlSBJnBhfn+BPxg4bc62d8TcBW15wavDfgexCgccckhcZvywyQYPOw==",
      "requires": {
        "deep-extend": "^0.6.0",
        "ini": "~1.3.0",
        "minimist": "^1.2.0",
        "strip-json-comments": "~2.0.1"
      }
    },
    "readable-stream": {
      "version": "2.3.6",
      "resolved": "https://registry.npmjs.org/readable-stream/-/readable-stream-2.3.6.tgz",
      "integrity": "sha512-tQtKA9WIAhBF3+VLAseyMqZeBjW0AHJoxOtYqSUZNJxauErmLbVm2FW1y+J/YA9dUrAC39ITejlZWhVIwawkKw==",
      "requires": {
        "core-util-is": "~1.0.0",
        "inherits": "~2.0.3",
        "isarray": "~1.0.0",
        "process-nextick-args": "~2.0.0",
        "safe-buffer": "~5.1.1",
        "string_decoder": "~1.1.1",
        "util-deprecate": "~1.0.1"
      }
    },
    "ripemd160": {
      "version": "2.0.2",
      "resolved": "https://registry.npmjs.org/ripemd160/-/ripemd160-2.0.2.tgz",
      "integrity": "sha512-ii4iagi25WusVoiC4B4lq7pbXfAp3D9v5CwfkY33vffw2+pkDjY1D8GaN7spsxvCSx8dkPqOZCEZyfxcmJG2IA==",
      "requires": {
        "hash-base": "^3.0.0",
        "inherits": "^2.0.1"
      }
    },
    "safe-buffer": {
      "version": "5.1.2",
      "resolved": "https://registry.npmjs.org/safe-buffer/-/safe-buffer-5.1.2.tgz",
      "integrity": "sha512-Gd2UZBJDkXlY7GbJxfsE8/nvKkUEU1G38c1siN6QP6a9PT9MmHB8GnpscSmMJSoF8LOIrt8ud/wPtojys4G6+g=="
    },
    "secp256k1": {
      "version": "3.5.0",
      "resolved": "https://registry.npmjs.org/secp256k1/-/secp256k1-3.5.0.tgz",
      "integrity": "sha512-e5QIJl8W7Y4tT6LHffVcZAxJjvpgE5Owawv6/XCYPQljE9aP2NFFddQ8OYMKhdLshNu88FfL3qCN3/xYkXGRsA==",
      "requires": {
        "bindings": "^1.2.1",
        "bip66": "^1.1.3",
        "bn.js": "^4.11.3",
        "create-hash": "^1.1.2",
        "drbg.js": "^1.0.1",
        "elliptic": "^6.2.3",
        "nan": "^2.2.1",
        "safe-buffer": "^5.1.0"
      }
    },
    "semver": {
      "version": "5.5.1",
      "resolved": "https://registry.npmjs.org/semver/-/semver-5.5.1.tgz",
      "integrity": "sha512-PqpAxfrEhlSUWge8dwIp4tZnQ25DIOthpiaHNIthsjEFQD6EvqUKUDM7L8O2rShkFccYo1VjJR0coWfNkCubRw=="
    },
    "set-blocking": {
      "version": "2.0.0",
      "resolved": "https://registry.npmjs.org/set-blocking/-/set-blocking-2.0.0.tgz",
      "integrity": "sha1-BF+XgtARrppoA93TgrJDkrPYkPc="
    },
    "sha.js": {
      "version": "2.4.11",
      "resolved": "https://registry.npmjs.org/sha.js/-/sha.js-2.4.11.tgz",
      "integrity": "sha512-QMEp5B7cftE7APOjk5Y6xgrbWu+WkLVQwk8JNjZ8nKRciZaByEW6MubieAiToS7+dwvrjGhH8jRXz3MVd0AYqQ==",
      "requires": {
        "inherits": "^2.0.1",
        "safe-buffer": "^5.0.1"
      }
    },
    "signal-exit": {
      "version": "3.0.2",
      "resolved": "https://registry.npmjs.org/signal-exit/-/signal-exit-3.0.2.tgz",
      "integrity": "sha1-tf3AjxKH6hF4Yo5BXiUTK3NkbG0="
    },
    "simple-concat": {
      "version": "1.0.0",
      "resolved": "https://registry.npmjs.org/simple-concat/-/simple-concat-1.0.0.tgz",
      "integrity": "sha1-c0TLuLbib7J9ZrL8hvn21Zl1IcY="
    },
    "simple-get": {
      "version": "2.8.1",
      "resolved": "https://registry.npmjs.org/simple-get/-/simple-get-2.8.1.tgz",
      "integrity": "sha512-lSSHRSw3mQNUGPAYRqo7xy9dhKmxFXIjLjp4KHpf99GEH2VH7C3AM+Qfx6du6jhfUi6Vm7XnbEVEf7Wb6N8jRw==",
      "requires": {
        "decompress-response": "^3.3.0",
        "once": "^1.3.1",
        "simple-concat": "^1.0.0"
      }
    },
    "string-width": {
      "version": "1.0.2",
      "resolved": "https://registry.npmjs.org/string-width/-/string-width-1.0.2.tgz",
      "integrity": "sha1-EYvfW4zcUaKn5w0hHgfisLmxB9M=",
      "requires": {
        "code-point-at": "^1.0.0",
        "is-fullwidth-code-point": "^1.0.0",
        "strip-ansi": "^3.0.0"
      }
    },
    "string_decoder": {
      "version": "1.1.1",
      "resolved": "https://registry.npmjs.org/string_decoder/-/string_decoder-1.1.1.tgz",
      "integrity": "sha512-n/ShnvDi6FHbbVfviro+WojiFzv+s8MPMHBczVePfUpDJLwoLT0ht1l4YwBCbi8pJAveEEdnkHyPyTP/mzRfwg==",
      "requires": {
        "safe-buffer": "~5.1.0"
      }
    },
    "strip-ansi": {
      "version": "3.0.1",
      "resolved": "https://registry.npmjs.org/strip-ansi/-/strip-ansi-3.0.1.tgz",
      "integrity": "sha1-ajhfuIU9lS1f8F0Oiq+UJ43GPc8=",
      "requires": {
        "ansi-regex": "^2.0.0"
      }
    },
    "strip-json-comments": {
      "version": "2.0.1",
      "resolved": "https://registry.npmjs.org/strip-json-comments/-/strip-json-comments-2.0.1.tgz",
      "integrity": "sha1-PFMZQukIwml8DsNEhYwobHygpgo="
    },
    "tar-fs": {
      "version": "1.16.3",
      "resolved": "https://registry.npmjs.org/tar-fs/-/tar-fs-1.16.3.tgz",
      "integrity": "sha512-NvCeXpYx7OsmOh8zIOP/ebG55zZmxLE0etfWRbWok+q2Qo8x/vOR/IJT1taADXPe+jsiu9axDb3X4B+iIgNlKw==",
      "requires": {
        "chownr": "^1.0.1",
        "mkdirp": "^0.5.1",
        "pump": "^1.0.0",
        "tar-stream": "^1.1.2"
      },
      "dependencies": {
        "pump": {
          "version": "1.0.3",
          "resolved": "https://registry.npmjs.org/pump/-/pump-1.0.3.tgz",
          "integrity": "sha512-8k0JupWme55+9tCVE+FS5ULT3K6AbgqrGa58lTT49RpyfwwcGedHqaC5LlQNdEAumn/wFsu6aPwkuPMioy8kqw==",
          "requires": {
            "end-of-stream": "^1.1.0",
            "once": "^1.3.1"
          }
        }
      }
    },
    "tar-stream": {
      "version": "1.6.1",
      "resolved": "https://registry.npmjs.org/tar-stream/-/tar-stream-1.6.1.tgz",
      "integrity": "sha512-IFLM5wp3QrJODQFPm6/to3LJZrONdBY/otxcvDIQzu217zKye6yVR3hhi9lAjrC2Z+m/j5oDxMPb1qcd8cIvpA==",
      "requires": {
        "bl": "^1.0.0",
        "buffer-alloc": "^1.1.0",
        "end-of-stream": "^1.0.0",
        "fs-constants": "^1.0.0",
        "readable-stream": "^2.3.0",
        "to-buffer": "^1.1.0",
        "xtend": "^4.0.0"
      }
    },
    "to-buffer": {
      "version": "1.1.1",
      "resolved": "https://registry.npmjs.org/to-buffer/-/to-buffer-1.1.1.tgz",
      "integrity": "sha512-lx9B5iv7msuFYE3dytT+KE5tap+rNYw+K4jVkb9R/asAb+pbBSM17jtunHplhBe6RRJdZx3Pn2Jph24O32mOVg=="
    },
    "tunnel-agent": {
      "version": "0.6.0",
      "resolved": "https://registry.npmjs.org/tunnel-agent/-/tunnel-agent-0.6.0.tgz",
      "integrity": "sha1-J6XeoGs2sEoKmWZ3SykIaPD8QP0=",
      "requires": {
        "safe-buffer": "^5.0.1"
      }
    },
    "util-deprecate": {
      "version": "1.0.2",
      "resolved": "https://registry.npmjs.org/util-deprecate/-/util-deprecate-1.0.2.tgz",
      "integrity": "sha1-RQ1Nyfpw3nMnYvvS1KKJgUGaDM8="
    },
    "which-pm-runs": {
      "version": "1.0.0",
      "resolved": "https://registry.npmjs.org/which-pm-runs/-/which-pm-runs-1.0.0.tgz",
      "integrity": "sha1-Zws6+8VS4LVd9rd4DKdGFfI60cs="
    },
    "wide-align": {
      "version": "1.1.3",
      "resolved": "https://registry.npmjs.org/wide-align/-/wide-align-1.1.3.tgz",
      "integrity": "sha512-QGkOQc8XL6Bt5PwnsExKBPuMKBxnGxWWW3fU55Xt4feHozMUhdUMaBCk290qpm/wG5u/RSKzwdAC4i51YigihA==",
      "requires": {
        "string-width": "^1.0.2 || 2"
      }
    },
    "wrappy": {
      "version": "1.0.2",
      "resolved": "https://registry.npmjs.org/wrappy/-/wrappy-1.0.2.tgz",
      "integrity": "sha1-tSQ9jz7BqjXxNkYFvA0QNuMKtp8="
    },
    "xtend": {
      "version": "4.0.1",
      "resolved": "https://registry.npmjs.org/xtend/-/xtend-4.0.1.tgz",
      "integrity": "sha1-pcbVMr5lbiPbgg77lDofBJmNY68="
    }
  }
}
